
Microsoft Visual Studio Solution File, Format Version 11.00
# Visual C++ Express 2010
Project("{8BC9CEB8-8B4A-11D0-8D11-00A0C91BC942}") = "Hemisphere", "Hemisphere.vcxproj", "{F9B5805C-20CC-4177-9478-3CEE6D11DF12}"
EndProject
Global
	GlobalSection(SolutionConfigurationPlatforms) = preSolution
		Debug|Win32 = Debug|Win32
		Release|Win32 = Release|Win32
	EndGlobalSection
	GlobalSection(ProjectConfigurationPlatforms) = postSolution
		{F9B5805C-20CC-4177-9478-3CEE6D11DF12}.Debug|Win32.ActiveCfg = Debug|Win32
		{F9B5805C-20CC-4177-9478-3CEE6D11DF12}.Debug|Win32.Build.0 = Debug|Win32
		{F9B5805C-20CC-4177-9478-3CEE6D11DF12}.Release|Win32.ActiveCfg = Release|Win32
		{F9B5805C-20CC-4177-9478-3CEE6D11DF12}.Release|Win32.Build.0 = Release|Win32
	EndGlobalSection
	GlobalSection(SolutionProperties) = preSolution
		HideSolutionNode = FALSE
	EndGlobalSection
EndGlobal
