
Microsoft Visual Studio Solution File, Format Version 11.00
# Visual C++ Express 2010
Project("{8BC9CEB8-8B4A-11D0-8D11-00A0C91BC942}") = "ExperimentCubicSplinesKnots", "ExperimentCubicSplinesKnots.vcxproj", "{057F3BE1-3A03-494B-BB98-F43C7D9DCB3F}"
EndProject
Global
	GlobalSection(SolutionConfigurationPlatforms) = preSolution
		Debug|Win32 = Debug|Win32
		Release|Win32 = Release|Win32
	EndGlobalSection
	GlobalSection(ProjectConfigurationPlatforms) = postSolution
		{057F3BE1-3A03-494B-BB98-F43C7D9DCB3F}.Debug|Win32.ActiveCfg = Debug|Win32
		{057F3BE1-3A03-494B-BB98-F43C7D9DCB3F}.Debug|Win32.Build.0 = Debug|Win32
		{057F3BE1-3A03-494B-BB98-F43C7D9DCB3F}.Release|Win32.ActiveCfg = Release|Win32
		{057F3BE1-3A03-494B-BB98-F43C7D9DCB3F}.Release|Win32.Build.0 = Release|Win32
	EndGlobalSection
	GlobalSection(SolutionProperties) = preSolution
		HideSolutionNode = FALSE
	EndGlobalSection
EndGlobal
