
Microsoft Visual Studio Solution File, Format Version 11.00
# Visual C++ Express 2010
Project("{8BC9CEB8-8B4A-11D0-8D11-00A0C91BC942}") = "ExperimentTriangles", "ExperimentTriangles.vcxproj", "{9C01CD12-45D3-4A9F-B5C3-0C64E6D82CCE}"
EndProject
Global
	GlobalSection(SolutionConfigurationPlatforms) = preSolution
		Debug|Win32 = Debug|Win32
		Release|Win32 = Release|Win32
	EndGlobalSection
	GlobalSection(ProjectConfigurationPlatforms) = postSolution
		{9C01CD12-45D3-4A9F-B5C3-0C64E6D82CCE}.Debug|Win32.ActiveCfg = Debug|Win32
		{9C01CD12-45D3-4A9F-B5C3-0C64E6D82CCE}.Debug|Win32.Build.0 = Debug|Win32
		{9C01CD12-45D3-4A9F-B5C3-0C64E6D82CCE}.Release|Win32.ActiveCfg = Release|Win32
		{9C01CD12-45D3-4A9F-B5C3-0C64E6D82CCE}.Release|Win32.Build.0 = Release|Win32
	EndGlobalSection
	GlobalSection(SolutionProperties) = preSolution
		HideSolutionNode = FALSE
	EndGlobalSection
EndGlobal
