
Microsoft Visual Studio Solution File, Format Version 11.00
# Visual C++ Express 2010
Project("{8BC9CEB8-8B4A-11D0-8D11-00A0C91BC942}") = "Menus", "Menus.vcxproj", "{AE5FF178-645F-4984-8CD8-5375BC8C9682}"
EndProject
Global
	GlobalSection(SolutionConfigurationPlatforms) = preSolution
		Debug|Win32 = Debug|Win32
		Release|Win32 = Release|Win32
	EndGlobalSection
	GlobalSection(ProjectConfigurationPlatforms) = postSolution
		{AE5FF178-645F-4984-8CD8-5375BC8C9682}.Debug|Win32.ActiveCfg = Debug|Win32
		{AE5FF178-645F-4984-8CD8-5375BC8C9682}.Debug|Win32.Build.0 = Debug|Win32
		{AE5FF178-645F-4984-8CD8-5375BC8C9682}.Release|Win32.ActiveCfg = Release|Win32
		{AE5FF178-645F-4984-8CD8-5375BC8C9682}.Release|Win32.Build.0 = Release|Win32
	EndGlobalSection
	GlobalSection(SolutionProperties) = preSolution
		HideSolutionNode = FALSE
	EndGlobalSection
EndGlobal
