
Microsoft Visual Studio Solution File, Format Version 11.00
# Visual C++ Express 2010
Project("{8BC9CEB8-8B4A-11D0-8D11-00A0C91BC942}") = "ExperimentTextureCoordinates", "ExperimentTextureCoordinates.vcxproj", "{2D95034D-B724-41B4-AC13-D3581E00F65B}"
EndProject
Global
	GlobalSection(SolutionConfigurationPlatforms) = preSolution
		Debug|Win32 = Debug|Win32
		Release|Win32 = Release|Win32
	EndGlobalSection
	GlobalSection(ProjectConfigurationPlatforms) = postSolution
		{2D95034D-B724-41B4-AC13-D3581E00F65B}.Debug|Win32.ActiveCfg = Debug|Win32
		{2D95034D-B724-41B4-AC13-D3581E00F65B}.Debug|Win32.Build.0 = Debug|Win32
		{2D95034D-B724-41B4-AC13-D3581E00F65B}.Release|Win32.ActiveCfg = Release|Win32
		{2D95034D-B724-41B4-AC13-D3581E00F65B}.Release|Win32.Build.0 = Release|Win32
	EndGlobalSection
	GlobalSection(SolutionProperties) = preSolution
		HideSolutionNode = FALSE
	EndGlobalSection
EndGlobal
