
Microsoft Visual Studio Solution File, Format Version 11.00
# Visual C++ Express 2010
Project("{8BC9CEB8-8B4A-11D0-8D11-00A0C91BC942}") = "Cylinder", "Cylinder.vcxproj", "{AB4F1FE9-0CCD-4FD4-B005-1533D8AA49FF}"
EndProject
Global
	GlobalSection(SolutionConfigurationPlatforms) = preSolution
		Debug|Win32 = Debug|Win32
		Release|Win32 = Release|Win32
	EndGlobalSection
	GlobalSection(ProjectConfigurationPlatforms) = postSolution
		{AB4F1FE9-0CCD-4FD4-B005-1533D8AA49FF}.Debug|Win32.ActiveCfg = Debug|Win32
		{AB4F1FE9-0CCD-4FD4-B005-1533D8AA49FF}.Debug|Win32.Build.0 = Debug|Win32
		{AB4F1FE9-0CCD-4FD4-B005-1533D8AA49FF}.Release|Win32.ActiveCfg = Release|Win32
		{AB4F1FE9-0CCD-4FD4-B005-1533D8AA49FF}.Release|Win32.Build.0 = Release|Win32
	EndGlobalSection
	GlobalSection(SolutionProperties) = preSolution
		HideSolutionNode = FALSE
	EndGlobalSection
EndGlobal
