
Microsoft Visual Studio Solution File, Format Version 11.00
# Visual C++ Express 2010
Project("{8BC9CEB8-8B4A-11D0-8D11-00A0C91BC942}") = "ManipulateModelviewMatrix", "ManipulateModelviewMatrix.vcxproj", "{69BA1257-6281-4A03-9EAE-FE71E9411545}"
EndProject
Global
	GlobalSection(SolutionConfigurationPlatforms) = preSolution
		Debug|Win32 = Debug|Win32
		Release|Win32 = Release|Win32
	EndGlobalSection
	GlobalSection(ProjectConfigurationPlatforms) = postSolution
		{69BA1257-6281-4A03-9EAE-FE71E9411545}.Debug|Win32.ActiveCfg = Debug|Win32
		{69BA1257-6281-4A03-9EAE-FE71E9411545}.Debug|Win32.Build.0 = Debug|Win32
		{69BA1257-6281-4A03-9EAE-FE71E9411545}.Release|Win32.ActiveCfg = Release|Win32
		{69BA1257-6281-4A03-9EAE-FE71E9411545}.Release|Win32.Build.0 = Release|Win32
	EndGlobalSection
	GlobalSection(SolutionProperties) = preSolution
		HideSolutionNode = FALSE
	EndGlobalSection
EndGlobal
