
Microsoft Visual Studio Solution File, Format Version 11.00
# Visual C++ Express 2010
Project("{8BC9CEB8-8B4A-11D0-8D11-00A0C91BC942}") = "ExperimentRelativePlacementCont", "ExperimentRelativePlacementCont.vcxproj", "{573F9FD5-0F46-42F7-AFD9-F89E1EEC155D}"
EndProject
Global
	GlobalSection(SolutionConfigurationPlatforms) = preSolution
		Debug|Win32 = Debug|Win32
		Release|Win32 = Release|Win32
	EndGlobalSection
	GlobalSection(ProjectConfigurationPlatforms) = postSolution
		{573F9FD5-0F46-42F7-AFD9-F89E1EEC155D}.Debug|Win32.ActiveCfg = Debug|Win32
		{573F9FD5-0F46-42F7-AFD9-F89E1EEC155D}.Debug|Win32.Build.0 = Debug|Win32
		{573F9FD5-0F46-42F7-AFD9-F89E1EEC155D}.Release|Win32.ActiveCfg = Release|Win32
		{573F9FD5-0F46-42F7-AFD9-F89E1EEC155D}.Release|Win32.Build.0 = Release|Win32
	EndGlobalSection
	GlobalSection(SolutionProperties) = preSolution
		HideSolutionNode = FALSE
	EndGlobalSection
EndGlobal
