
Microsoft Visual Studio Solution File, Format Version 11.00
# Visual C++ Express 2010
Project("{8BC9CEB8-8B4A-11D0-8D11-00A0C91BC942}") = "SquareAnnulus4", "SquareAnnulus4.vcxproj", "{0CBF6B56-E525-463F-B36B-AFA9B968A0C7}"
EndProject
Global
	GlobalSection(SolutionConfigurationPlatforms) = preSolution
		Debug|Win32 = Debug|Win32
		Release|Win32 = Release|Win32
	EndGlobalSection
	GlobalSection(ProjectConfigurationPlatforms) = postSolution
		{0CBF6B56-E525-463F-B36B-AFA9B968A0C7}.Debug|Win32.ActiveCfg = Debug|Win32
		{0CBF6B56-E525-463F-B36B-AFA9B968A0C7}.Debug|Win32.Build.0 = Debug|Win32
		{0CBF6B56-E525-463F-B36B-AFA9B968A0C7}.Release|Win32.ActiveCfg = Release|Win32
		{0CBF6B56-E525-463F-B36B-AFA9B968A0C7}.Release|Win32.Build.0 = Release|Win32
	EndGlobalSection
	GlobalSection(SolutionProperties) = preSolution
		HideSolutionNode = FALSE
	EndGlobalSection
EndGlobal
