
Microsoft Visual Studio Solution File, Format Version 11.00
# Visual C++ Express 2010
Project("{8BC9CEB8-8B4A-11D0-8D11-00A0C91BC942}") = "Viewports", "Viewports.vcxproj", "{A2D4176E-B3E0-4C0A-BCBD-2EE48EA87541}"
EndProject
Global
	GlobalSection(SolutionConfigurationPlatforms) = preSolution
		Debug|Win32 = Debug|Win32
		Release|Win32 = Release|Win32
	EndGlobalSection
	GlobalSection(ProjectConfigurationPlatforms) = postSolution
		{A2D4176E-B3E0-4C0A-BCBD-2EE48EA87541}.Debug|Win32.ActiveCfg = Debug|Win32
		{A2D4176E-B3E0-4C0A-BCBD-2EE48EA87541}.Debug|Win32.Build.0 = Debug|Win32
		{A2D4176E-B3E0-4C0A-BCBD-2EE48EA87541}.Release|Win32.ActiveCfg = Release|Win32
		{A2D4176E-B3E0-4C0A-BCBD-2EE48EA87541}.Release|Win32.Build.0 = Release|Win32
	EndGlobalSection
	GlobalSection(SolutionProperties) = preSolution
		HideSolutionNode = FALSE
	EndGlobalSection
EndGlobal
