
Microsoft Visual Studio Solution File, Format Version 11.00
# Visual C++ Express 2010
Project("{8BC9CEB8-8B4A-11D0-8D11-00A0C91BC942}") = "ExperimentTextureTiledAgain", "ExperimentTextureTiledAgain.vcxproj", "{DEE52DF1-C129-4A6E-8599-38E59390C12D}"
EndProject
Global
	GlobalSection(SolutionConfigurationPlatforms) = preSolution
		Debug|Win32 = Debug|Win32
		Release|Win32 = Release|Win32
	EndGlobalSection
	GlobalSection(ProjectConfigurationPlatforms) = postSolution
		{DEE52DF1-C129-4A6E-8599-38E59390C12D}.Debug|Win32.ActiveCfg = Debug|Win32
		{DEE52DF1-C129-4A6E-8599-38E59390C12D}.Debug|Win32.Build.0 = Debug|Win32
		{DEE52DF1-C129-4A6E-8599-38E59390C12D}.Release|Win32.ActiveCfg = Release|Win32
		{DEE52DF1-C129-4A6E-8599-38E59390C12D}.Release|Win32.Build.0 = Release|Win32
	EndGlobalSection
	GlobalSection(SolutionProperties) = preSolution
		HideSolutionNode = FALSE
	EndGlobalSection
EndGlobal
