
Microsoft Visual Studio Solution File, Format Version 11.00
# Visual Studio 2010
Project("{8BC9CEB8-8B4A-11D0-8D11-00A0C91BC942}") = "ImageManipulationPBO", "ImageManipulationPBO.vcxproj", "{14154C49-E2B7-4C14-A59A-26A3B901F164}"
EndProject
Global
	GlobalSection(SolutionConfigurationPlatforms) = preSolution
		Debug|Win32 = Debug|Win32
		Release|Win32 = Release|Win32
	EndGlobalSection
	GlobalSection(ProjectConfigurationPlatforms) = postSolution
		{14154C49-E2B7-4C14-A59A-26A3B901F164}.Debug|Win32.ActiveCfg = Debug|Win32
		{14154C49-E2B7-4C14-A59A-26A3B901F164}.Debug|Win32.Build.0 = Debug|Win32
		{14154C49-E2B7-4C14-A59A-26A3B901F164}.Release|Win32.ActiveCfg = Release|Win32
		{14154C49-E2B7-4C14-A59A-26A3B901F164}.Release|Win32.Build.0 = Release|Win32
	EndGlobalSection
	GlobalSection(SolutionProperties) = preSolution
		HideSolutionNode = FALSE
	EndGlobalSection
EndGlobal
