
Microsoft Visual Studio Solution File, Format Version 11.00
# Visual C++ Express 2010
Project("{8BC9CEB8-8B4A-11D0-8D11-00A0C91BC942}") = "SphereInGlassBox", "SphereInGlassBox.vcxproj", "{63D73C7E-6304-47E4-9034-6C0917E608CA}"
EndProject
Global
	GlobalSection(SolutionConfigurationPlatforms) = preSolution
		Debug|Win32 = Debug|Win32
		Release|Win32 = Release|Win32
	EndGlobalSection
	GlobalSection(ProjectConfigurationPlatforms) = postSolution
		{63D73C7E-6304-47E4-9034-6C0917E608CA}.Debug|Win32.ActiveCfg = Debug|Win32
		{63D73C7E-6304-47E4-9034-6C0917E608CA}.Debug|Win32.Build.0 = Debug|Win32
		{63D73C7E-6304-47E4-9034-6C0917E608CA}.Release|Win32.ActiveCfg = Release|Win32
		{63D73C7E-6304-47E4-9034-6C0917E608CA}.Release|Win32.Build.0 = Release|Win32
	EndGlobalSection
	GlobalSection(SolutionProperties) = preSolution
		HideSolutionNode = FALSE
	EndGlobalSection
EndGlobal
