
Microsoft Visual Studio Solution File, Format Version 11.00
# Visual C++ Express 2010
Project("{8BC9CEB8-8B4A-11D0-8D11-00A0C91BC942}") = "EulerAngles", "EulerAngles.vcxproj", "{A67CC8DB-FCD6-4699-96E9-106DD4D7D5C9}"
EndProject
Global
	GlobalSection(SolutionConfigurationPlatforms) = preSolution
		Debug|Win32 = Debug|Win32
		Release|Win32 = Release|Win32
	EndGlobalSection
	GlobalSection(ProjectConfigurationPlatforms) = postSolution
		{A67CC8DB-FCD6-4699-96E9-106DD4D7D5C9}.Debug|Win32.ActiveCfg = Debug|Win32
		{A67CC8DB-FCD6-4699-96E9-106DD4D7D5C9}.Debug|Win32.Build.0 = Debug|Win32
		{A67CC8DB-FCD6-4699-96E9-106DD4D7D5C9}.Release|Win32.ActiveCfg = Release|Win32
		{A67CC8DB-FCD6-4699-96E9-106DD4D7D5C9}.Release|Win32.Build.0 = Release|Win32
	EndGlobalSection
	GlobalSection(SolutionProperties) = preSolution
		HideSolutionNode = FALSE
	EndGlobalSection
EndGlobal
