
Microsoft Visual Studio Solution File, Format Version 11.00
# Visual C++ Express 2010
Project("{8BC9CEB8-8B4A-11D0-8D11-00A0C91BC942}") = "ExperimentTranslateBox", "ExperimentTranslateBox.vcxproj", "{4C6F43B5-75A0-4A0B-85E4-C1FA593350E8}"
EndProject
Global
	GlobalSection(SolutionConfigurationPlatforms) = preSolution
		Debug|Win32 = Debug|Win32
		Release|Win32 = Release|Win32
	EndGlobalSection
	GlobalSection(ProjectConfigurationPlatforms) = postSolution
		{4C6F43B5-75A0-4A0B-85E4-C1FA593350E8}.Debug|Win32.ActiveCfg = Debug|Win32
		{4C6F43B5-75A0-4A0B-85E4-C1FA593350E8}.Debug|Win32.Build.0 = Debug|Win32
		{4C6F43B5-75A0-4A0B-85E4-C1FA593350E8}.Release|Win32.ActiveCfg = Release|Win32
		{4C6F43B5-75A0-4A0B-85E4-C1FA593350E8}.Release|Win32.Build.0 = Release|Win32
	EndGlobalSection
	GlobalSection(SolutionProperties) = preSolution
		HideSolutionNode = FALSE
	EndGlobalSection
EndGlobal
