
Microsoft Visual Studio Solution File, Format Version 11.00
# Visual C++ Express 2010
Project("{8BC9CEB8-8B4A-11D0-8D11-00A0C91BC942}") = "InvalidTriangulation", "InvalidTriangulation.vcxproj", "{F7D95398-0F2E-4267-92F7-0BA3661928B1}"
EndProject
Global
	GlobalSection(SolutionConfigurationPlatforms) = preSolution
		Debug|Win32 = Debug|Win32
		Release|Win32 = Release|Win32
	EndGlobalSection
	GlobalSection(ProjectConfigurationPlatforms) = postSolution
		{F7D95398-0F2E-4267-92F7-0BA3661928B1}.Debug|Win32.ActiveCfg = Debug|Win32
		{F7D95398-0F2E-4267-92F7-0BA3661928B1}.Debug|Win32.Build.0 = Debug|Win32
		{F7D95398-0F2E-4267-92F7-0BA3661928B1}.Release|Win32.ActiveCfg = Release|Win32
		{F7D95398-0F2E-4267-92F7-0BA3661928B1}.Release|Win32.Build.0 = Release|Win32
	EndGlobalSection
	GlobalSection(SolutionProperties) = preSolution
		HideSolutionNode = FALSE
	EndGlobalSection
EndGlobal
