
Microsoft Visual Studio Solution File, Format Version 11.00
# Visual C++ Express 2010
Project("{8BC9CEB8-8B4A-11D0-8D11-00A0C91BC942}") = "ExperimentTextureCray", "ExperimentTextureCray.vcxproj", "{A544EEDF-2DD9-4637-9F3B-4A5727D70FA3}"
EndProject
Global
	GlobalSection(SolutionConfigurationPlatforms) = preSolution
		Debug|Win32 = Debug|Win32
		Release|Win32 = Release|Win32
	EndGlobalSection
	GlobalSection(ProjectConfigurationPlatforms) = postSolution
		{A544EEDF-2DD9-4637-9F3B-4A5727D70FA3}.Debug|Win32.ActiveCfg = Debug|Win32
		{A544EEDF-2DD9-4637-9F3B-4A5727D70FA3}.Debug|Win32.Build.0 = Debug|Win32
		{A544EEDF-2DD9-4637-9F3B-4A5727D70FA3}.Release|Win32.ActiveCfg = Release|Win32
		{A544EEDF-2DD9-4637-9F3B-4A5727D70FA3}.Release|Win32.Build.0 = Release|Win32
	EndGlobalSection
	GlobalSection(SolutionProperties) = preSolution
		HideSolutionNode = FALSE
	EndGlobalSection
EndGlobal
