
Microsoft Visual Studio Solution File, Format Version 11.00
# Visual C++ Express 2010
Project("{8BC9CEB8-8B4A-11D0-8D11-00A0C91BC942}") = "DoublyCurledCone", "DoublyCurledCone.vcxproj", "{ABEC84FA-97DC-44D9-A270-FEB45F2F9A43}"
EndProject
Global
	GlobalSection(SolutionConfigurationPlatforms) = preSolution
		Debug|Win32 = Debug|Win32
		Release|Win32 = Release|Win32
	EndGlobalSection
	GlobalSection(ProjectConfigurationPlatforms) = postSolution
		{ABEC84FA-97DC-44D9-A270-FEB45F2F9A43}.Debug|Win32.ActiveCfg = Debug|Win32
		{ABEC84FA-97DC-44D9-A270-FEB45F2F9A43}.Debug|Win32.Build.0 = Debug|Win32
		{ABEC84FA-97DC-44D9-A270-FEB45F2F9A43}.Release|Win32.ActiveCfg = Release|Win32
		{ABEC84FA-97DC-44D9-A270-FEB45F2F9A43}.Release|Win32.Build.0 = Release|Win32
	EndGlobalSection
	GlobalSection(SolutionProperties) = preSolution
		HideSolutionNode = FALSE
	EndGlobalSection
EndGlobal
