
Microsoft Visual Studio Solution File, Format Version 11.00
# Visual C++ Express 2010
Project("{8BC9CEB8-8B4A-11D0-8D11-00A0C91BC942}") = "BezierSurface", "BezierSurface.vcxproj", "{9F7E0AA3-83F0-44BA-9318-8A8A5B14DC7F}"
EndProject
Global
	GlobalSection(SolutionConfigurationPlatforms) = preSolution
		Debug|Win32 = Debug|Win32
		Release|Win32 = Release|Win32
	EndGlobalSection
	GlobalSection(ProjectConfigurationPlatforms) = postSolution
		{9F7E0AA3-83F0-44BA-9318-8A8A5B14DC7F}.Debug|Win32.ActiveCfg = Debug|Win32
		{9F7E0AA3-83F0-44BA-9318-8A8A5B14DC7F}.Debug|Win32.Build.0 = Debug|Win32
		{9F7E0AA3-83F0-44BA-9318-8A8A5B14DC7F}.Release|Win32.ActiveCfg = Release|Win32
		{9F7E0AA3-83F0-44BA-9318-8A8A5B14DC7F}.Release|Win32.Build.0 = Release|Win32
	EndGlobalSection
	GlobalSection(SolutionProperties) = preSolution
		HideSolutionNode = FALSE
	EndGlobalSection
EndGlobal
