
Microsoft Visual Studio Solution File, Format Version 11.00
# Visual Studio 2010
Project("{8BC9CEB8-8B4A-11D0-8D11-00A0C91BC942}") = "Circle", "Circle.vcxproj", "{0AD005AC-6A30-4C77-AF12-9386BD253E29}"
EndProject
Global
	GlobalSection(SolutionConfigurationPlatforms) = preSolution
		Debug|Win32 = Debug|Win32
		Release|Win32 = Release|Win32
	EndGlobalSection
	GlobalSection(ProjectConfigurationPlatforms) = postSolution
		{0AD005AC-6A30-4C77-AF12-9386BD253E29}.Debug|Win32.ActiveCfg = Debug|Win32
		{0AD005AC-6A30-4C77-AF12-9386BD253E29}.Debug|Win32.Build.0 = Debug|Win32
		{0AD005AC-6A30-4C77-AF12-9386BD253E29}.Release|Win32.ActiveCfg = Release|Win32
		{0AD005AC-6A30-4C77-AF12-9386BD253E29}.Release|Win32.Build.0 = Release|Win32
	EndGlobalSection
	GlobalSection(SolutionProperties) = preSolution
		HideSolutionNode = FALSE
	EndGlobalSection
EndGlobal
