
Microsoft Visual Studio Solution File, Format Version 11.00
# Visual C++ Express 2010
Project("{8BC9CEB8-8B4A-11D0-8D11-00A0C91BC942}") = "ExperimentScaleSquare", "ExperimentScaleSquare.vcxproj", "{0BAB79FB-6DD5-4883-A411-9969AF1327B8}"
EndProject
Global
	GlobalSection(SolutionConfigurationPlatforms) = preSolution
		Debug|Win32 = Debug|Win32
		Release|Win32 = Release|Win32
	EndGlobalSection
	GlobalSection(ProjectConfigurationPlatforms) = postSolution
		{0BAB79FB-6DD5-4883-A411-9969AF1327B8}.Debug|Win32.ActiveCfg = Debug|Win32
		{0BAB79FB-6DD5-4883-A411-9969AF1327B8}.Debug|Win32.Build.0 = Debug|Win32
		{0BAB79FB-6DD5-4883-A411-9969AF1327B8}.Release|Win32.ActiveCfg = Release|Win32
		{0BAB79FB-6DD5-4883-A411-9969AF1327B8}.Release|Win32.Build.0 = Release|Win32
	EndGlobalSection
	GlobalSection(SolutionProperties) = preSolution
		HideSolutionNode = FALSE
	EndGlobalSection
EndGlobal
